// !$*UTF8*$!
{
	archiveVersion = 1;
	classes = {
	};
	objectVersion = 48;
	objects = {

/* Begin PBXBuildFile section */
		AB4BE00520108CFD007C2643 /* AppDelegate.swift in Sources */ = {isa = PBXBuildFile; fileRef = AB4BE00420108CFD007C2643 /* AppDelegate.swift */; };
		AB4BE00720108CFD007C2643 /* CustomCellsViewController.swift in Sources */ = {isa = PBXBuildFile; fileRef = AB4BE00620108CFD007C2643 /* CustomCellsViewController.swift */; };
		AB4BE00A20108CFD007C2643 /* Main.storyboard in Resources */ = {isa = PBXBuildFile; fileRef = AB4BE00820108CFD007C2643 /* Main.storyboard */; };
		AB4BE00C20108CFD007C2643 /* Assets.xcassets in Resources */ = {isa = PBXBuildFile; fileRef = AB4BE00B20108CFD007C2643 /* Assets.xcassets */; };
		AB4BE00F20108CFD007C2643 /* LaunchScreen.storyboard in Resources */ = {isa = PBXBuildFile; fileRef = AB4BE00D20108CFD007C2643 /* LaunchScreen.storyboard */; };
		AB4BE01A20108CFE007C2643 /* BinaryCounterTests.swift in Sources */ = {isa = PBXBuildFile; fileRef = AB4BE01920108CFE007C2643 /* BinaryCounterTests.swift */; };
		AB4BE02520108CFE007C2643 /* BinaryCounterUITests.swift in Sources */ = {isa = PBXBuildFile; fileRef = AB4BE02420108CFE007C2643 /* BinaryCounterUITests.swift */; };
		AB4BE033201093AD007C2643 /* CustomCell.swift in Sources */ = {isa = PBXBuildFile; fileRef = AB4BE032201093AD007C2643 /* CustomCell.swift */; };
		ABE179CB20146E6C00A17EFC /* CustomDelegate.swift in Sources */ = {isa = PBXBuildFile; fileRef = ABE179CA20146E6C00A17EFC /* CustomDelegate.swift */; };
/* End PBXBuildFile section */

/* Begin PBXContainerItemProxy section */
		AB4BE01620108CFE007C2643 /* PBXContainerItemProxy */ = {
			isa = PBXContainerItemProxy;
			containerPortal = AB4BDFF920108CFD007C2643 /* Project object */;
			proxyType = 1;
			remoteGlobalIDString = AB4BE00020108CFD007C2643;
			remoteInfo = BinaryCounter;
		};
		AB4BE02120108CFE007C2643 /* PBXContainerItemProxy */ = {
			isa = PBXContainerItemProxy;
			containerPortal = AB4BDFF920108CFD007C2643 /* Project object */;
			proxyType = 1;
			remoteGlobalIDString = AB4BE00020108CFD007C2643;
			remoteInfo = BinaryCounter;
		};
/* End PBXContainerItemProxy section */

/* Begin PBXFileReference section */
		AB4BE00120108CFD007C2643 /* BinaryCounter.app */ = {isa = PBXFileReference; explicitFileType = wrapper.application; includeInIndex = 0; path = BinaryCounter.app; sourceTree = BUILT_PRODUCTS_DIR; };
		AB4BE00420108CFD007C2643 /* AppDelegate.swift */ = {isa = PBXFileReference; lastKnownFileType = sourcecode.swift; path = AppDelegate.swift; sourceTree = "<group>"; };
		AB4BE00620108CFD007C2643 /* CustomCellsViewController.swift */ = {isa = PBXFileReference; lastKnownFileType = sourcecode.swift; path = CustomCellsViewController.swift; sourceTree = "<group>"; };
		AB4BE00920108CFD007C2643 /* Base */ = {isa = PBXFileReference; lastKnownFileType = file.storyboard; name = Base; path = Base.lproj/Main.storyboard; sourceTree = "<group>"; };
		AB4BE00B20108CFD007C2643 /* Assets.xcassets */ = {isa = PBXFileReference; lastKnownFileType = folder.assetcatalog; path = Assets.xcassets; sourceTree = "<group>"; };
		AB4BE00E20108CFD007C2643 /* Base */ = {isa = PBXFileReference; lastKnownFileType = file.storyboard; name = Base; path = Base.lproj/LaunchScreen.storyboard; sourceTree = "<group>"; };
		AB4BE01020108CFE007C2643 /* Info.plist */ = {isa = PBXFileReference; lastKnownFileType = text.plist.xml; path = Info.plist; sourceTree = "<group>"; };
		AB4BE01520108CFE007C2643 /* BinaryCounterTests.xctest */ = {isa = PBXFileReference; explicitFileType = wrapper.cfbundle; includeInIndex = 0; path = BinaryCounterTests.xctest; sourceTree = BUILT_PRODUCTS_DIR; };
		AB4BE01920108CFE007C2643 /* BinaryCounterTests.swift */ = {isa = PBXFileReference; lastKnownFileType = sourcecode.swift; path = BinaryCounterTests.swift; sourceTree = "<group>"; };
		AB4BE01B20108CFE007C2643 /* Info.plist */ = {isa = PBXFileReference; lastKnownFileType = text.plist.xml; path = Info.plist; sourceTree = "<group>"; };
		AB4BE02020108CFE007C2643 /* BinaryCounterUITests.xctest */ = {isa = PBXFileReference; explicitFileType = wrapper.cfbundle; includeInIndex = 0; path = BinaryCounterUITests.xctest; sourceTree = BUILT_PRODUCTS_DIR; };
		AB4BE02420108CFE007C2643 /* BinaryCounterUITests.swift */ = {isa = PBXFileReference; lastKnownFileType = sourcecode.swift; path = BinaryCounterUITests.swift; sourceTree = "<group>"; };
		AB4BE02620108CFE007C2643 /* Info.plist */ = {isa = PBXFileReference; lastKnownFileType = text.plist.xml; path = Info.plist; sourceTree = "<group>"; };
		AB4BE032201093AD007C2643 /* CustomCell.swift */ = {isa = PBXFileReference; lastKnownFileType = sourcecode.swift; path = CustomCell.swift; sourceTree = "<group>"; };
		ABE179CA20146E6C00A17EFC /* CustomDelegate.swift */ = {isa = PBXFileReference; fileEncoding = 4; lastKnownFileType = sourcecode.swift; path = CustomDelegate.swift; sourceTree = "<group>"; };
/* End PBXFileReference section */

/* Begin PBXFrameworksBuildPhase section */
		AB4BDFFE20108CFD007C2643 /* Frameworks */ = {
			isa = PBXFrameworksBuildPhase;
			buildActionMask = 2147483647;
			files = (
			);
			runOnlyForDeploymentPostprocessing = 0;
		};
		AB4BE01220108CFE007C2643 /* Frameworks */ = {
			isa = PBXFrameworksBuildPhase;
			buildActionMask = 2147483647;
			files = (
			);
			runOnlyForDeploymentPostprocessing = 0;
		};
		AB4BE01D20108CFE007C2643 /* Frameworks */ = {
			isa = PBXFrameworksBuildPhase;
			buildActionMask = 2147483647;
			files = (
			);
			runOnlyForDeploymentPostprocessing = 0;
		};
/* End PBXFrameworksBuildPhase section */

/* Begin PBXGroup section */
		AB4BDFF820108CFD007C2643 = {
			isa = PBXGroup;
			children = (
				AB4BE00320108CFD007C2643 /* BinaryCounter */,
				AB4BE01820108CFE007C2643 /* BinaryCounterTests */,
				AB4BE02320108CFE007C2643 /* BinaryCounterUITests */,
				AB4BE00220108CFD007C2643 /* Products */,
			);
			sourceTree = "<group>";
		};
		AB4BE00220108CFD007C2643 /* Products */ = {
			isa = PBXGroup;
			children = (
				AB4BE00120108CFD007C2643 /* BinaryCounter.app */,
				AB4BE01520108CFE007C2643 /* BinaryCounterTests.xctest */,
				AB4BE02020108CFE007C2643 /* BinaryCounterUITests.xctest */,
			);
			name = Products;
			sourceTree = "<group>";
		};
		AB4BE00320108CFD007C2643 /* BinaryCounter */ = {
			isa = PBXGroup;
			children = (
				ABE179CA20146E6C00A17EFC /* CustomDelegate.swift */,
				AB4BE00420108CFD007C2643 /* AppDelegate.swift */,
				AB4BE00620108CFD007C2643 /* CustomCellsViewController.swift */,
				AB4BE00820108CFD007C2643 /* Main.storyboard */,
				AB4BE032201093AD007C2643 /* CustomCell.swift */,
				AB4BE00B20108CFD007C2643 /* Assets.xcassets */,
				AB4BE00D20108CFD007C2643 /* LaunchScreen.storyboard */,
				AB4BE01020108CFE007C2643 /* Info.plist */,
			);
			path = BinaryCounter;
			sourceTree = "<group>";
		};
		AB4BE01820108CFE007C2643 /* BinaryCounterTests */ = {
			isa = PBXGroup;
			children = (
				AB4BE01920108CFE007C2643 /* BinaryCounterTests.swift */,
				AB4BE01B20108CFE007C2643 /* Info.plist */,
			);
			path = BinaryCounterTests;
			sourceTree = "<group>";
		};
		AB4BE02320108CFE007C2643 /* BinaryCounterUITests */ = {
			isa = PBXGroup;
			children = (
				AB4BE02420108CFE007C2643 /* BinaryCounterUITests.swift */,
				AB4BE02620108CFE007C2643 /* Info.plist */,
			);
			path = BinaryCounterUITests;
			sourceTree = "<group>";
		};
/* End PBXGroup section */

/* Begin PBXNativeTarget section */
		AB4BE00020108CFD007C2643 /* BinaryCounter */ = {
			isa = PBXNativeTarget;
			buildConfigurationList = AB4BE02920108CFE007C2643 /* Build configuration list for PBXNativeTarget "BinaryCounter" */;
			buildPhases = (
				AB4BDFFD20108CFD007C2643 /* Sources */,
				AB4BDFFE20108CFD007C2643 /* Frameworks */,
				AB4BDFFF20108CFD007C2643 /* Resources */,
			);
			buildRules = (
			);
			dependencies = (
			);
			name = BinaryCounter;
			productName = BinaryCounter;
			productReference = AB4BE00120108CFD007C2643 /* BinaryCounter.app */;
			productType = "com.apple.product-type.application";
		};
		AB4BE01420108CFE007C2643 /* BinaryCounterTests */ = {
			isa = PBXNativeTarget;
			buildConfigurationList = AB4BE02C20108CFE007C2643 /* Build configuration list for PBXNativeTarget "BinaryCounterTests" */;
			buildPhases = (
				AB4BE01120108CFE007C2643 /* Sources */,
				AB4BE01220108CFE007C2643 /* Frameworks */,
				AB4BE01320108CFE007C2643 /* Resources */,
			);
			buildRules = (
			);
			dependencies = (
				AB4BE01720108CFE007C2643 /* PBXTargetDependency */,
			);
			name = BinaryCounterTests;
			productName = BinaryCounterTests;
			productReference = AB4BE01520108CFE007C2643 /* BinaryCounterTests.xctest */;
			productType = "com.apple.product-type.bundle.unit-test";
		};
		AB4BE01F20108CFE007C2643 /* BinaryCounterUITests */ = {
			isa = PBXNativeTarget;
			buildConfigurationList = AB4BE02F20108CFE007C2643 /* Build configuration list for PBXNativeTarget "BinaryCounterUITests" */;
			buildPhases = (
				AB4BE01C20108CFE007C2643 /* Sources */,
				AB4BE01D20108CFE007C2643 /* Frameworks */,
				AB4BE01E20108CFE007C2643 /* Resources */,
			);
			buildRules = (
			);
			dependencies = (
				AB4BE02220108CFE007C2643 /* PBXTargetDependency */,
			);
			name = BinaryCounterUITests;
			productName = BinaryCounterUITests;
			productReference = AB4BE02020108CFE007C2643 /* BinaryCounterUITests.xctest */;
			productType = "com.apple.product-type.bundle.ui-testing";
		};
/* End PBXNativeTarget section */

/* Begin PBXProject section */
		AB4BDFF920108CFD007C2643 /* Project object */ = {
			isa = PBXProject;
			attributes = {
				LastSwiftUpdateCheck = 0920;
				LastUpgradeCheck = 0920;
				ORGANIZATIONNAME = "Maria Rojo";
				TargetAttributes = {
					AB4BE00020108CFD007C2643 = {
						CreatedOnToolsVersion = 9.2;
						ProvisioningStyle = Automatic;
					};
					AB4BE01420108CFE007C2643 = {
						CreatedOnToolsVersion = 9.2;
						ProvisioningStyle = Automatic;
						TestTargetID = AB4BE00020108CFD007C2643;
					};
					AB4BE01F20108CFE007C2643 = {
						CreatedOnToolsVersion = 9.2;
						ProvisioningStyle = Automatic;
						TestTargetID = AB4BE00020108CFD007C2643;
					};
				};
			};
			buildConfigurationList = AB4BDFFC20108CFD007C2643 /* Build configuration list for PBXProject "BinaryCounter" */;
			compatibilityVersion = "Xcode 8.0";
			developmentRegion = en;
			hasScannedForEncodings = 0;
			knownRegions = (
				en,
				Base,
			);
			mainGroup = AB4BDFF820108CFD007C2643;
			productRefGroup = AB4BE00220108CFD007C2643 /* Products */;
			projectDirPath = "";
			projectRoot = "";
			targets = (
				AB4BE00020108CFD007C2643 /* BinaryCounter */,
				AB4BE01420108CFE007C2643 /* BinaryCounterTests */,
				AB4BE01F20108CFE007C2643 /* BinaryCounterUITests */,
			);
		};
/* End PBXProject section */

/* Begin PBXResourcesBuildPhase section */
		AB4BDFFF20108CFD007C2643 /* Resources */ = {
			isa = PBXResourcesBuildPhase;
			buildActionMask = 2147483647;
			files = (
				AB4BE00F20108CFD007C2643 /* LaunchScreen.storyboard in Resources */,
				AB4BE00C20108CFD007C2643 /* Assets.xcassets in Resources */,
				AB4BE00A20108CFD007C2643 /* Main.storyboard in Resources */,
			);
			runOnlyForDeploymentPostprocessing = 0;
		};
		AB4BE01320108CFE007C2643 /* Resources */ = {
			isa = PBXResourcesBuildPhase;
			buildActionMask = 2147483647;
			files = (
			);
			runOnlyForDeploymentPostprocessing = 0;
		};
		AB4BE01E20108CFE007C2643 /* Resources */ = {
			isa = PBXResourcesBuildPhase;
			buildActionMask = 2147483647;
			files = (
			);
			runOnlyForDeploymentPostprocessing = 0;
		};
/* End PBXResourcesBuildPhase section */

/* Begin PBXSourcesBuildPhase section */
		AB4BDFFD20108CFD007C2643 /* Sources */ = {
			isa = PBXSourcesBuildPhase;
			buildActionMask = 2147483647;
			files = (
				AB4BE00720108CFD007C2643 /* CustomCellsViewController.swift in Sources */,
				ABE179CB20146E6C00A17EFC /* CustomDelegate.swift in Sources */,
				AB4BE033201093AD007C2643 /* CustomCell.swift in Sources */,
				AB4BE00520108CFD007C2643 /* AppDelegate.swift in Sources */,
			);
			runOnlyForDeploymentPostprocessing = 0;
		};
		AB4BE01120108CFE007C2643 /* Sources */ = {
			isa = PBXSourcesBuildPhase;
			buildActionMask = 2147483647;
			files = (
				AB4BE01A20108CFE007C2643 /* BinaryCounterTests.swift in Sources */,
			);
			runOnlyForDeploymentPostprocessing = 0;
		};
		AB4BE01C20108CFE007C2643 /* Sources */ = {
			isa = PBXSourcesBuildPhase;
			buildActionMask = 2147483647;
			files = (
				AB4BE02520108CFE007C2643 /* BinaryCounterUITests.swift in Sources */,
			);
			runOnlyForDeploymentPostprocessing = 0;
		};
/* End PBXSourcesBuildPhase section */

/* Begin PBXTargetDependency section */
		AB4BE01720108CFE007C2643 /* PBXTargetDependency */ = {
			isa = PBXTargetDependency;
			target = AB4BE00020108CFD007C2643 /* BinaryCounter */;
			targetProxy = AB4BE01620108CFE007C2643 /* PBXContainerItemProxy */;
		};
		AB4BE02220108CFE007C2643 /* PBXTargetDependency */ = {
			isa = PBXTargetDependency;
			target = AB4BE00020108CFD007C2643 /* BinaryCounter */;
			targetProxy = AB4BE02120108CFE007C2643 /* PBXContainerItemProxy */;
		};
/* End PBXTargetDependency section */

/* Begin PBXVariantGroup section */
		AB4BE00820108CFD007C2643 /* Main.storyboard */ = {
			isa = PBXVariantGroup;
			children = (
				AB4BE00920108CFD007C2643 /* Base */,
			);
			name = Main.storyboard;
			sourceTree = "<group>";
		};
		AB4BE00D20108CFD007C2643 /* LaunchScreen.storyboard */ = {
			isa = PBXVariantGroup;
			children = (
				AB4BE00E20108CFD007C2643 /* Base */,
			);
			name = LaunchScreen.storyboard;
			sourceTree = "<group>";
		};
/* End PBXVariantGroup section */

/* Begin XCBuildConfiguration section */
		AB4BE02720108CFE007C2643 /* Debug */ = {
			isa = XCBuildConfiguration;
			buildSettings = {
				ALWAYS_SEARCH_USER_PATHS = NO;
				CLANG_ANALYZER_NONNULL = YES;
				CLANG_ANALYZER_NUMBER_OBJECT_CONVERSION = YES_AGGRESSIVE;
				CLANG_CXX_LANGUAGE_STANDARD = "gnu++14";
				CLANG_CXX_LIBRARY = "libc++";
				CLANG_ENABLE_MODULES = YES;
				CLANG_ENABLE_OBJC_ARC = YES;
				CLANG_WARN_BLOCK_CAPTURE_AUTORELEASING = YES;
				CLANG_WARN_BOOL_CONVERSION = YES;
				CLANG_WARN_COMMA = YES;
				CLANG_WARN_CONSTANT_CONVERSION = YES;
				CLANG_WARN_DIRECT_OBJC_ISA_USAGE = YES_ERROR;
				CLANG_WARN_DOCUMENTATION_COMMENTS = YES;
				CLANG_WARN_EMPTY_BODY = YES;
				CLANG_WARN_ENUM_CONVERSION = YES;
				CLANG_WARN_INFINITE_RECURSION = YES;
				CLANG_WARN_INT_CONVERSION = YES;
				CLANG_WARN_NON_LITERAL_NULL_CONVERSION = YES;
				CLANG_WARN_OBJC_LITERAL_CONVERSION = YES;
				CLANG_WARN_OBJC_ROOT_CLASS = YES_ERROR;
				CLANG_WARN_RANGE_LOOP_ANALYSIS = YES;
				CLANG_WARN_STRICT_PROTOTYPES = YES;
				CLANG_WARN_SUSPICIOUS_MOVE = YES;
				CLANG_WARN_UNGUARDED_AVAILABILITY = YES_AGGRESSIVE;
				CLANG_WARN_UNREACHABLE_CODE = YES;
				CLANG_WARN__DUPLICATE_METHOD_MATCH = YES;
				CODE_SIGN_IDENTITY = "iPhone Developer";
				COPY_PHASE_STRIP = NO;
				DEBUG_INFORMATION_FORMAT = dwarf;
				ENABLE_STRICT_OBJC_MSGSEND = YES;
				ENABLE_TESTABILITY = YES;
				GCC_C_LANGUAGE_STANDARD = gnu11;
				GCC_DYNAMIC_NO_PIC = NO;
				GCC_NO_COMMON_BLOCKS = YES;
				GCC_OPTIMIZATION_LEVEL = 0;
				GCC_PREPROCESSOR_DEFINITIONS = (
					"DEBUG=1",
					"$(inherited)",
				);
				GCC_WARN_64_TO_32_BIT_CONVERSION = YES;
				GCC_WARN_ABOUT_RETURN_TYPE = YES_ERROR;
				GCC_WARN_UNDECLARED_SELECTOR = YES;
				GCC_WARN_UNINITIALIZED_AUTOS = YES_AGGRESSIVE;
				GCC_WARN_UNUSED_FUNCTION = YES;
				GCC_WARN_UNUSED_VARIABLE = YES;
				IPHONEOS_DEPLOYMENT_TARGET = 11.2;
				MTL_ENABLE_DEBUG_INFO = YES;
				ONLY_ACTIVE_ARCH = YES;
				SDKROOT = iphoneos;
				SWIFT_ACTIVE_COMPILATION_CONDITIONS = DEBUG;
				SWIFT_OPTIMIZATION_LEVEL = "-Onone";
			};
			name = Debug;
		};
		AB4BE02820108CFE007C2643 /* Release */ = {
			isa = XCBuildConfiguration;
			buildSettings = {
				ALWAYS_SEARCH_USER_PATHS = NO;
				CLANG_ANALYZER_NONNULL = YES;
				CLANG_ANALYZER_NUMBER_OBJECT_CONVERSION = YES_AGGRESSIVE;
				CLANG_CXX_LANGUAGE_STANDARD = "gnu++14";
				CLANG_CXX_LIBRARY = "libc++";
				CLANG_ENABLE_MODULES = YES;
				CLANG_ENABLE_OBJC_ARC = YES;
				CLANG_WARN_BLOCK_CAPTURE_AUTORELEASING = YES;
				CLANG_WARN_BOOL_CONVERSION = YES;
				CLANG_WARN_COMMA = YES;
				CLANG_WARN_CONSTANT_CONVERSION = YES;
				CLANG_WARN_DIRECT_OBJC_ISA_USAGE = YES_ERROR;
				CLANG_WARN_DOCUMENTATION_COMMENTS = YES;
				CLANG_WARN_EMPTY_BODY = YES;
				CLANG_WARN_ENUM_CONVERSION = YES;
				CLANG_WARN_INFINITE_RECURSION = YES;
				CLANG_WARN_INT_CONVERSION = YES;
				CLANG_WARN_NON_LITERAL_NULL_CONVERSION = YES;
				CLANG_WARN_OBJC_LITERAL_CONVERSION = YES;
				CLANG_WARN_OBJC_ROOT_CLASS = YES_ERROR;
				CLANG_WARN_RANGE_LOOP_ANALYSIS = YES;
				CLANG_WARN_STRICT_PROTOTYPES = YES;
				CLANG_WARN_SUSPICIOUS_MOVE = YES;
				CLANG_WARN_UNGUARDED_AVAILABILITY = YES_AGGRESSIVE;
				CLANG_WARN_UNREACHABLE_CODE = YES;
				CLANG_WARN__DUPLICATE_METHOD_MATCH = YES;
				CODE_SIGN_IDENTITY = "iPhone Developer";
				COPY_PHASE_STRIP = NO;
				DEBUG_INFORMATION_FORMAT = "dwarf-with-dsym";
				ENABLE_NS_ASSERTIONS = NO;
				ENABLE_STRICT_OBJC_MSGSEND = YES;
				GCC_C_LANGUAGE_STANDARD = gnu11;
				GCC_NO_COMMON_BLOCKS = YES;
				GCC_WARN_64_TO_32_BIT_CONVERSION = YES;
				GCC_WARN_ABOUT_RETURN_TYPE = YES_ERROR;
				GCC_WARN_UNDECLARED_SELECTOR = YES;
				GCC_WARN_UNINITIALIZED_AUTOS = YES_AGGRESSIVE;
				GCC_WARN_UNUSED_FUNCTION = YES;
				GCC_WARN_UNUSED_VARIABLE = YES;
				IPHONEOS_DEPLOYMENT_TARGET = 11.2;
				MTL_ENABLE_DEBUG_INFO = NO;
				SDKROOT = iphoneos;
				SWIFT_OPTIMIZATION_LEVEL = "-Owholemodule";
				VALIDATE_PRODUCT = YES;
			};
			name = Release;
		};
		AB4BE02A20108CFE007C2643 /* Debug */ = {
			isa = XCBuildConfiguration;
			buildSettings = {
				ASSETCATALOG_COMPILER_APPICON_NAME = AppIcon;
				CODE_SIGN_STYLE = Automatic;
				DEVELOPMENT_TEAM = 8KXZDGT6E4;
				INFOPLIST_FILE = BinaryCounter/Info.plist;
				LD_RUNPATH_SEARCH_PATHS = "$(inherited) @executable_path/Frameworks";
				PRODUCT_BUNDLE_IDENTIFIER = com.mrojo.BinaryCounter;
				PRODUCT_NAME = "$(TARGET_NAME)";
				SWIFT_VERSION = 4.0;
				TARGETED_DEVICE_FAMILY = "1,2";
			};
			name = Debug;
		};
		AB4BE02B20108CFE007C2643 /* Release */ = {
			isa = XCBuildConfiguration;
			buildSettings = {
				ASSETCATALOG_COMPILER_APPICON_NAME = AppIcon;
				CODE_SIGN_STYLE = Automatic;
				DEVELOPMENT_TEAM = 8KXZDGT6E4;
				INFOPLIST_FILE = BinaryCounter/Info.plist;
				LD_RUNPATH_SEARCH_PATHS = "$(inherited) @executable_path/Frameworks";
				PRODUCT_BUNDLE_IDENTIFIER = com.mrojo.BinaryCounter;
				PRODUCT_NAME = "$(TARGET_NAME)";
				SWIFT_VERSION = 4.0;
				TARGETED_DEVICE_FAMILY = "1,2";
			};
			name = Release;
		};
		AB4BE02D20108CFE007C2643 /* Debug */ = {
			isa = XCBuildConfiguration;
			buildSettings = {
				ALWAYS_EMBED_SWIFT_STANDARD_LIBRARIES = YES;
				BUNDLE_LOADER = "$(TEST_HOST)";
				CODE_SIGN_STYLE = Automatic;
				INFOPLIST_FILE = BinaryCounterTests/Info.plist;
				LD_RUNPATH_SEARCH_PATHS = "$(inherited) @executable_path/Frameworks @loader_path/Frameworks";
				PRODUCT_BUNDLE_IDENTIFIER = com.mrojo.BinaryCounterTests;
				PRODUCT_NAME = "$(TARGET_NAME)";
				SWIFT_VERSION = 4.0;
				TARGETED_DEVICE_FAMILY = "1,2";
				TEST_HOST = "$(BUILT_PRODUCTS_DIR)/BinaryCounter.app/BinaryCounter";
			};
			name = Debug;
		};
		AB4BE02E20108CFE007C2643 /* Release */ = {
			isa = XCBuildConfiguration;
			buildSettings = {
				ALWAYS_EMBED_SWIFT_STANDARD_LIBRARIES = YES;
				BUNDLE_LOADER = "$(TEST_HOST)";
				CODE_SIGN_STYLE = Automatic;
				INFOPLIST_FILE = BinaryCounterTests/Info.plist;
				LD_RUNPATH_SEARCH_PATHS = "$(inherited) @executable_path/Frameworks @loader_path/Frameworks";
				PRODUCT_BUNDLE_IDENTIFIER = com.mrojo.BinaryCounterTests;
				PRODUCT_NAME = "$(TARGET_NAME)";
				SWIFT_VERSION = 4.0;
				TARGETED_DEVICE_FAMILY = "1,2";
				TEST_HOST = "$(BUILT_PRODUCTS_DIR)/BinaryCounter.app/BinaryCounter";
			};
			name = Release;
		};
		AB4BE03020108CFE007C2643 /* Debug */ = {
			isa = XCBuildConfiguration;
			buildSettings = {
				ALWAYS_EMBED_SWIFT_STANDARD_LIBRARIES = YES;
				CODE_SIGN_STYLE = Automatic;
				INFOPLIST_FILE = BinaryCounterUITests/Info.plist;
				LD_RUNPATH_SEARCH_PATHS = "$(inherited) @executable_path/Frameworks @loader_path/Frameworks";
				PRODUCT_BUNDLE_IDENTIFIER = com.mrojo.BinaryCounterUITests;
				PRODUCT_NAME = "$(TARGET_NAME)";
				SWIFT_VERSION = 4.0;
				TARGETED_DEVICE_FAMILY = "1,2";
				TEST_TARGET_NAME = BinaryCounter;
			};
			name = Debug;
		};
		AB4BE03120108CFE007C2643 /* Release */ = {
			isa = XCBuildConfiguration;
			buildSettings = {
				ALWAYS_EMBED_SWIFT_STANDARD_LIBRARIES = YES;
				CODE_SIGN_STYLE = Automatic;
				INFOPLIST_FILE = BinaryCounterUITests/Info.plist;
				LD_RUNPATH_SEARCH_PATHS = "$(inherited) @executable_path/Frameworks @loader_path/Frameworks";
				PRODUCT_BUNDLE_IDENTIFIER = com.mrojo.BinaryCounterUITests;
				PRODUCT_NAME = "$(TARGET_NAME)";
				SWIFT_VERSION = 4.0;
				TARGETED_DEVICE_FAMILY = "1,2";
				TEST_TARGET_NAME = BinaryCounter;
			};
			name = Release;
		};
/* End XCBuildConfiguration section */

/* Begin XCConfigurationList section */
		AB4BDFFC20108CFD007C2643 /* Build configuration list for PBXProject "BinaryCounter" */ = {
			isa = XCConfigurationList;
			buildConfigurations = (
				AB4BE02720108CFE007C2643 /* Debug */,
				AB4BE02820108CFE007C2643 /* Release */,
			);
			defaultConfigurationIsVisible = 0;
			defaultConfigurationName = Release;
		};
		AB4BE02920108CFE007C2643 /* Build configuration list for PBXNativeTarget "BinaryCounter" */ = {
			isa = XCConfigurationList;
			buildConfigurations = (
				AB4BE02A20108CFE007C2643 /* Debug */,
				AB4BE02B20108CFE007C2643 /* Release */,
			);
			defaultConfigurationIsVisible = 0;
			defaultConfigurationName = Release;
		};
		AB4BE02C20108CFE007C2643 /* Build configuration list for PBXNativeTarget "BinaryCounterTests" */ = {
			isa = XCConfigurationList;
			buildConfigurations = (
				AB4BE02D20108CFE007C2643 /* Debug */,
				AB4BE02E20108CFE007C2643 /* Release */,
			);
			defaultConfigurationIsVisible = 0;
			defaultConfigurationName = Release;
		};
		AB4BE02F20108CFE007C2643 /* Build configuration list for PBXNativeTarget "BinaryCounterUITests" */ = {
			isa = XCConfigurationList;
			buildConfigurations = (
				AB4BE03020108CFE007C2643 /* Debug */,
				AB4BE03120108CFE007C2643 /* Release */,
			);
			defaultConfigurationIsVisible = 0;
			defaultConfigurationName = Release;
		};
/* End XCConfigurationList section */
	};
	rootObject = AB4BDFF920108CFD007C2643 /* Project object */;
}
